SITE
  remote: http://community.opscode.com/api/v1
  specs:
    build-essential (1.2.0)
    dmg (1.0.0)
    git (1.0.2)
      build-essential (>= 0.0.0)
      dmg (>= 0.0.0)
      runit (>= 0.0.0)
      yum (>= 0.0.0)
    gitlab (0.3.3)
      build-essential (>= 0.0.0)
      git (>= 0.0.0)
      openssh (>= 0.0.0)
      perl (>= 0.0.0)
      python (>= 0.0.0)
      readline (>= 0.0.0)
      redisio (>= 0.0.0)
      ruby_build (>= 0.0.0)
      sudo (>= 0.0.0)
      xml (>= 0.0.0)
      yumrepo (>= 0.0.0)
      zlib (>= 0.0.0)
    openssh (1.1.0)
    perl (1.0.2)
    python (1.0.8)
      build-essential (>= 0.0.0)
      yum (>= 0.0.0)
    readline (0.0.3)
    redisio (1.1.0)
    ruby_build (0.6.2)
    runit (0.15.0)
    sudo (1.2.0)
    xml (1.0.4)
    yum (1.0.0)
    yumrepo (0.16.4)
      yum (>= 1.0.0)
    zlib (1.0.0)

DEPENDENCIES
  build-essential (>= 0)
  git (>= 0)
  gitlab (>= 0)
  openssh (>= 0)
  perl (>= 0)
  python (>= 0)
  readline (>= 0)
  redisio (>= 0)
  ruby_build (>= 0)
  sudo (>= 0)
  xml (>= 0)
  yumrepo (>= 0)
  zlib (>= 0)

